
Microsoft Visual Studio Solution File, Format Version 12.00
# Visual Studio Version 16
VisualStudioVersion = 16.0.30523.141
MinimumVisualStudioVersion = 10.0.40219.1
Project("{9A19103F-16F7-4668-BE54-9A1E7A4F7556}") = "Orleans.ApiAuthStore", "src\Orleans.ApiAuthStore\Orleans.ApiAuthStore.csproj", "{7300629F-0C39-42E4-B82E-74E9EEA37CB4}"
EndProject
Project("{2150E333-8FDC-42A3-9474-1A3956D46DE8}") = "Solution Items", "Solution Items", "{549688A5-8B02-4166-9E87-D0D6F0D038AF}"
	ProjectSection(SolutionItems) = preProject
		README.md = README.md
	EndProjectSection
EndProject
Global
	GlobalSection(SolutionConfigurationPlatforms) = preSolution
		Debug|Any CPU = Debug|Any CPU
		Release|Any CPU = Release|Any CPU
	EndGlobalSection
	GlobalSection(ProjectConfigurationPlatforms) = postSolution
		{7300629F-0C39-42E4-B82E-74E9EEA37CB4}.Debug|Any CPU.ActiveCfg = Debug|Any CPU
		{7300629F-0C39-42E4-B82E-74E9EEA37CB4}.Debug|Any CPU.Build.0 = Debug|Any CPU
		{7300629F-0C39-42E4-B82E-74E9EEA37CB4}.Release|Any CPU.ActiveCfg = Release|Any CPU
		{7300629F-0C39-42E4-B82E-74E9EEA37CB4}.Release|Any CPU.Build.0 = Release|Any CPU
	EndGlobalSection
	GlobalSection(SolutionProperties) = preSolution
		HideSolutionNode = FALSE
	EndGlobalSection
	GlobalSection(ExtensibilityGlobals) = postSolution
		SolutionGuid = {6CCA71A3-D387-4751-AB44-38D80CBD3820}
	EndGlobalSection
EndGlobal
